
Microsoft Visual Studio Solution File, Format Version 12.00
# Visual Studio Version 17
VisualStudioVersion = 17.8.34330.188
MinimumVisualStudioVersion = 10.0.40219.1
Project("{FAE04EC0-301F-11D3-BF4B-00C04F79EFBC}") = "AccountsReceivableModule", "AccountsReceivableModule\AccountsReceivableModule.csproj", "{7BCB2D6E-E671-4AF5-BEDA-9FD92240D8F6}"
EndProject
Global
	GlobalSection(SolutionConfigurationPlatforms) = preSolution
		Debug|Any CPU = Debug|Any CPU
		Release|Any CPU = Release|Any CPU
	EndGlobalSection
	GlobalSection(ProjectConfigurationPlatforms) = postSolution
		{7BCB2D6E-E671-4AF5-BEDA-9FD92240D8F6}.Debug|Any CPU.ActiveCfg = Debug|Any CPU
		{7BCB2D6E-E671-4AF5-BEDA-9FD92240D8F6}.Debug|Any CPU.Build.0 = Debug|Any CPU
		{7BCB2D6E-E671-4AF5-BEDA-9FD92240D8F6}.Release|Any CPU.ActiveCfg = Release|Any CPU
		{7BCB2D6E-E671-4AF5-BEDA-9FD92240D8F6}.Release|Any CPU.Build.0 = Release|Any CPU
	EndGlobalSection
	GlobalSection(SolutionProperties) = preSolution
		HideSolutionNode = FALSE
	EndGlobalSection
	GlobalSection(ExtensibilityGlobals) = postSolution
		SolutionGuid = {CE40E429-C989-414E-80CC-AAD633278A39}
	EndGlobalSection
EndGlobal
